# THIS IS AN AUTOGENERATED FILE. DO NOT EDIT THIS FILE DIRECTLY.
# yarn lockfile v1


lodash.debounce@^4.0.8:
  version "4.0.8"
  resolved "https://registry.yarnpkg.com/lodash.debounce/-/lodash.debounce-4.0.8.tgz#82d79bff30a67c4005ffd5e2515300ad9ca4d7af"
  integrity sha512-FT1yDzDYEoYWhnSGnpE/4Kj1fLZkDFyqRb7fNt6FdYOSxlUWAtp42Eh6Wb0rGIv/m9Bgo7x4GhQbm5Ys4SG5ow==

lodash.throttle@^4.1.1:
  version "4.1.1"
  resolved "https://registry.yarnpkg.com/lodash.throttle/-/lodash.throttle-4.1.1.tgz#c23e91b710242ac70c37f1e1cda9274cc39bf2f4"
  integrity sha512-wIkUCfVKpVsWo3JSZlc+8MB5it+2AN5W8J7YVMST30UrvcQNZ1Okbj+rbVniijTWE6FGYy4XJq/rHkas8qJMLQ==

react-lazy-load-image-component@^1.6.0:
  version "1.6.0"
  resolved "https://registry.yarnpkg.com/react-lazy-load-image-component/-/react-lazy-load-image-component-1.6.0.tgz#f262c2f163052d71011e282031fd60aafa6494ac"
  integrity sha512-8KFkDTgjh+0+PVbH+cx0AgxLGbdTsxWMnxXzU5HEUztqewk9ufQAu8cstjZhyvtMIPsdMcPZfA0WAa7HtjQbBQ==
  dependencies:
    lodash.debounce "^4.0.8"
    lodash.throttle "^4.1.1"
